<?xml version="1.0" encoding="utf-8"?>
<Project ToolsVersion="4.0" xmlns="http://schemas.microsoft.com/developer/msbuild/2003">
  <ItemGroup>
    <Filter Include="Quelldateien">
      <UniqueIdentifier>{4FC737F1-C7A5-4376-A066-2A32D752A2FF}</UniqueIdentifier>
      <Extensions>cpp;c;cc;cxx;def;odl;idl;hpj;bat;asm;asmx</Extensions>
    </Filter>
    <Filter Include="Headerdateien">
      <UniqueIdentifier>{93995380-89BD-4b04-88EB-625FBE52EBFB}</UniqueIdentifier>
      <Extensions>h;hh;hpp;hxx;hm;inl;inc;ipp;xsd</Extensions>
    </Filter>
    <Filter Include="Ressourcendateien">
      <UniqueIdentifier>{67DA6AB6-F800-4c08-8B7A-83BB121AAD01}</UniqueIdentifier>
      <Extensions>rc;ico;cur;bmp;dlg;rc2;rct;bin;rgs;gif;jpg;jpeg;jpe;resx;tiff;tif;png;wav;mfcribbon-ms</Extensions>
    </Filter>
  </ItemGroup>
  <ItemGroup>
    <ClInclude Include="src\core\Event.h">
      <Filter>Headerdateien</Filter>
    </ClInclude>
    <ClInclude Include="src\core\App.h">
      <Filter>Headerdateien</Filter>
    </ClInclude>
    <ClInclude Include="src\core\State.h">
      <Filter>Headerdateien</Filter>
    </ClInclude>
    <ClInclude Include="src\Engine.h">
      <Filter>Headerdateien</Filter>
    </ClInclude>
    <ClInclude Include="src\core\KeyBoard.h">
      <Filter>Headerdateien</Filter>
    </ClInclude>
    <ClInclude Include="src\core\Mouse.h">
      <Filter>Headerdateien</Filter>
    </ClInclude>
    <ClInclude Include="src\Defines.h">
      <Filter>Headerdateien</Filter>
    </ClInclude>
    <ClInclude Include="src\core\Time.h">
      <Filter>Headerdateien</Filter>
    </ClInclude>
    <ClInclude Include="src\core\Logger.h">
      <Filter>Headerdateien</Filter>
    </ClInclude>
    <ClInclude Include="src\Window\Window.h">
      <Filter>Headerdateien</Filter>
    </ClInclude>
    <ClInclude Include="src\Window\IWindow.h">
      <Filter>Headerdateien</Filter>
    </ClInclude>
    <ClInclude Include="src\Abstraction\File.h">
      <Filter>Headerdateien</Filter>
    </ClInclude>
    <ClInclude Include="src\Abstraction\CommonTypes.h">
      <Filter>Headerdateien</Filter>
    </ClInclude>
    <ClInclude Include="src\Settings.h">
      <Filter>Headerdateien</Filter>
    </ClInclude>
    <ClInclude Include="dep\cereal\archives\adapters.hpp">
      <Filter>Headerdateien</Filter>
    </ClInclude>
    <ClInclude Include="dep\cereal\archives\binary.hpp">
      <Filter>Headerdateien</Filter>
    </ClInclude>
    <ClInclude Include="dep\cereal\archives\json.hpp">
      <Filter>Headerdateien</Filter>
    </ClInclude>
    <ClInclude Include="dep\cereal\archives\portable_binary.hpp">
      <Filter>Headerdateien</Filter>
    </ClInclude>
    <ClInclude Include="dep\cereal\archives\xml.hpp">
      <Filter>Headerdateien</Filter>
    </ClInclude>
    <ClInclude Include="dep\cereal\details\helpers.hpp">
      <Filter>Headerdateien</Filter>
    </ClInclude>
    <ClInclude Include="dep\cereal\details\polymorphic_impl.hpp">
      <Filter>Headerdateien</Filter>
    </ClInclude>
    <ClInclude Include="dep\cereal\details\polymorphic_impl_fwd.hpp">
      <Filter>Headerdateien</Filter>
    </ClInclude>
    <ClInclude Include="dep\cereal\details\static_object.hpp">
      <Filter>Headerdateien</Filter>
    </ClInclude>
    <ClInclude Include="dep\cereal\details\traits.hpp">
      <Filter>Headerdateien</Filter>
    </ClInclude>
    <ClInclude Include="dep\cereal\details\util.hpp">
      <Filter>Headerdateien</Filter>
    </ClInclude>
    <ClInclude Include="dep\cereal\external\rapidjson\error\en.h">
      <Filter>Headerdateien</Filter>
    </ClInclude>
    <ClInclude Include="dep\cereal\external\rapidjson\error\error.h">
      <Filter>Headerdateien</Filter>
    </ClInclude>
    <ClInclude Include="dep\cereal\external\rapidjson\internal\biginteger.h">
      <Filter>Headerdateien</Filter>
    </ClInclude>
    <ClInclude Include="dep\cereal\external\rapidjson\internal\diyfp.h">
      <Filter>Headerdateien</Filter>
    </ClInclude>
    <ClInclude Include="dep\cereal\external\rapidjson\internal\dtoa.h">
      <Filter>Headerdateien</Filter>
    </ClInclude>
    <ClInclude Include="dep\cereal\external\rapidjson\internal\ieee754.h">
      <Filter>Headerdateien</Filter>
    </ClInclude>
    <ClInclude Include="dep\cereal\external\rapidjson\internal\itoa.h">
      <Filter>Headerdateien</Filter>
    </ClInclude>
    <ClInclude Include="dep\cereal\external\rapidjson\internal\meta.h">
      <Filter>Headerdateien</Filter>
    </ClInclude>
    <ClInclude Include="dep\cereal\external\rapidjson\internal\pow10.h">
      <Filter>Headerdateien</Filter>
    </ClInclude>
    <ClInclude Include="dep\cereal\external\rapidjson\internal\regex.h">
      <Filter>Headerdateien</Filter>
    </ClInclude>
    <ClInclude Include="dep\cereal\external\rapidjson\internal\stack.h">
      <Filter>Headerdateien</Filter>
    </ClInclude>
    <ClInclude Include="dep\cereal\external\rapidjson\internal\strfunc.h">
      <Filter>Headerdateien</Filter>
    </ClInclude>
    <ClInclude Include="dep\cereal\external\rapidjson\internal\strtod.h">
      <Filter>Headerdateien</Filter>
    </ClInclude>
    <ClInclude Include="dep\cereal\external\rapidjson\internal\swap.h">
      <Filter>Headerdateien</Filter>
    </ClInclude>
    <ClInclude Include="dep\cereal\external\rapidjson\msinttypes\inttypes.h">
      <Filter>Headerdateien</Filter>
    </ClInclude>
    <ClInclude Include="dep\cereal\external\rapidjson\msinttypes\stdint.h">
      <Filter>Headerdateien</Filter>
    </ClInclude>
    <ClInclude Include="dep\cereal\external\rapidjson\allocators.h">
      <Filter>Headerdateien</Filter>
    </ClInclude>
    <ClInclude Include="dep\cereal\external\rapidjson\cursorstreamwrapper.h">
      <Filter>Headerdateien</Filter>
    </ClInclude>
    <ClInclude Include="dep\cereal\external\rapidjson\document.h">
      <Filter>Headerdateien</Filter>
    </ClInclude>
    <ClInclude Include="dep\cereal\external\rapidjson\encodedstream.h">
      <Filter>Headerdateien</Filter>
    </ClInclude>
    <ClInclude Include="dep\cereal\external\rapidjson\encodings.h">
      <Filter>Headerdateien</Filter>
    </ClInclude>
    <ClInclude Include="dep\cereal\external\rapidjson\filereadstream.h">
      <Filter>Headerdateien</Filter>
    </ClInclude>
    <ClInclude Include="dep\cereal\external\rapidjson\filewritestream.h">
      <Filter>Headerdateien</Filter>
    </ClInclude>
    <ClInclude Include="dep\cereal\external\rapidjson\fwd.h">
      <Filter>Headerdateien</Filter>
    </ClInclude>
    <ClInclude Include="dep\cereal\external\rapidjson\istreamwrapper.h">
      <Filter>Headerdateien</Filter>
    </ClInclude>
    <ClInclude Include="dep\cereal\external\rapidjson\memorybuffer.h">
      <Filter>Headerdateien</Filter>
    </ClInclude>
    <ClInclude Include="dep\cereal\external\rapidjson\memorystream.h">
      <Filter>Headerdateien</Filter>
    </ClInclude>
    <ClInclude Include="dep\cereal\external\rapidjson\ostreamwrapper.h">
      <Filter>Headerdateien</Filter>
    </ClInclude>
    <ClInclude Include="dep\cereal\external\rapidjson\pointer.h">
      <Filter>Headerdateien</Filter>
    </ClInclude>
    <ClInclude Include="dep\cereal\external\rapidjson\prettywriter.h">
      <Filter>Headerdateien</Filter>
    </ClInclude>
    <ClInclude Include="dep\cereal\external\rapidjson\rapidjson.h">
      <Filter>Headerdateien</Filter>
    </ClInclude>
    <ClInclude Include="dep\cereal\external\rapidjson\reader.h">
      <Filter>Headerdateien</Filter>
    </ClInclude>
    <ClInclude Include="dep\cereal\external\rapidjson\schema.h">
      <Filter>Headerdateien</Filter>
    </ClInclude>
    <ClInclude Include="dep\cereal\external\rapidjson\stream.h">
      <Filter>Headerdateien</Filter>
    </ClInclude>
    <ClInclude Include="dep\cereal\external\rapidjson\stringbuffer.h">
      <Filter>Headerdateien</Filter>
    </ClInclude>
    <ClInclude Include="dep\cereal\external\rapidjson\writer.h">
      <Filter>Headerdateien</Filter>
    </ClInclude>
    <ClInclude Include="dep\cereal\external\rapidxml\rapidxml.hpp">
      <Filter>Headerdateien</Filter>
    </ClInclude>
    <ClInclude Include="dep\cereal\external\rapidxml\rapidxml_iterators.hpp">
      <Filter>Headerdateien</Filter>
    </ClInclude>
    <ClInclude Include="dep\cereal\external\rapidxml\rapidxml_print.hpp">
      <Filter>Headerdateien</Filter>
    </ClInclude>
    <ClInclude Include="dep\cereal\external\rapidxml\rapidxml_utils.hpp">
      <Filter>Headerdateien</Filter>
    </ClInclude>
    <ClInclude Include="dep\cereal\external\base64.hpp">
      <Filter>Headerdateien</Filter>
    </ClInclude>
    <ClInclude Include="dep\cereal\types\concepts\pair_associative_container.hpp">
      <Filter>Headerdateien</Filter>
    </ClInclude>
    <ClInclude Include="dep\cereal\types\array.hpp">
      <Filter>Headerdateien</Filter>
    </ClInclude>
    <ClInclude Include="dep\cereal\types\atomic.hpp">
      <Filter>Headerdateien</Filter>
    </ClInclude>
    <ClInclude Include="dep\cereal\types\base_class.hpp">
      <Filter>Headerdateien</Filter>
    </ClInclude>
    <ClInclude Include="dep\cereal\types\bitset.hpp">
      <Filter>Headerdateien</Filter>
    </ClInclude>
    <ClInclude Include="dep\cereal\types\boost_variant.hpp">
      <Filter>Headerdateien</Filter>
    </ClInclude>
    <ClInclude Include="dep\cereal\types\chrono.hpp">
      <Filter>Headerdateien</Filter>
    </ClInclude>
    <ClInclude Include="dep\cereal\types\common.hpp">
      <Filter>Headerdateien</Filter>
    </ClInclude>
    <ClInclude Include="dep\cereal\types\complex.hpp">
      <Filter>Headerdateien</Filter>
    </ClInclude>
    <ClInclude Include="dep\cereal\types\deque.hpp">
      <Filter>Headerdateien</Filter>
    </ClInclude>
    <ClInclude Include="dep\cereal\types\forward_list.hpp">
      <Filter>Headerdateien</Filter>
    </ClInclude>
    <ClInclude Include="dep\cereal\types\functional.hpp">
      <Filter>Headerdateien</Filter>
    </ClInclude>
    <ClInclude Include="dep\cereal\types\list.hpp">
      <Filter>Headerdateien</Filter>
    </ClInclude>
    <ClInclude Include="dep\cereal\types\map.hpp">
      <Filter>Headerdateien</Filter>
    </ClInclude>
    <ClInclude Include="dep\cereal\types\memory.hpp">
      <Filter>Headerdateien</Filter>
    </ClInclude>
    <ClInclude Include="dep\cereal\types\optional.hpp">
      <Filter>Headerdateien</Filter>
    </ClInclude>
    <ClInclude Include="dep\cereal\types\polymorphic.hpp">
      <Filter>Headerdateien</Filter>
    </ClInclude>
    <ClInclude Include="dep\cereal\types\queue.hpp">
      <Filter>Headerdateien</Filter>
    </ClInclude>
    <ClInclude Include="dep\cereal\types\set.hpp">
      <Filter>Headerdateien</Filter>
    </ClInclude>
    <ClInclude Include="dep\cereal\types\stack.hpp">
      <Filter>Headerdateien</Filter>
    </ClInclude>
    <ClInclude Include="dep\cereal\types\string.hpp">
      <Filter>Headerdateien</Filter>
    </ClInclude>
    <ClInclude Include="dep\cereal\types\tuple.hpp">
      <Filter>Headerdateien</Filter>
    </ClInclude>
    <ClInclude Include="dep\cereal\types\unordered_map.hpp">
      <Filter>Headerdateien</Filter>
    </ClInclude>
    <ClInclude Include="dep\cereal\types\unordered_set.hpp">
      <Filter>Headerdateien</Filter>
    </ClInclude>
    <ClInclude Include="dep\cereal\types\utility.hpp">
      <Filter>Headerdateien</Filter>
    </ClInclude>
    <ClInclude Include="dep\cereal\types\valarray.hpp">
      <Filter>Headerdateien</Filter>
    </ClInclude>
    <ClInclude Include="dep\cereal\types\variant.hpp">
      <Filter>Headerdateien</Filter>
    </ClInclude>
    <ClInclude Include="dep\cereal\types\vector.hpp">
      <Filter>Headerdateien</Filter>
    </ClInclude>
    <ClInclude Include="dep\cereal\access.hpp">
      <Filter>Headerdateien</Filter>
    </ClInclude>
    <ClInclude Include="dep\cereal\cereal.hpp">
      <Filter>Headerdateien</Filter>
    </ClInclude>
    <ClInclude Include="dep\cereal\macros.hpp">
      <Filter>Headerdateien</Filter>
    </ClInclude>
    <ClInclude Include="dep\cereal\specialize.hpp">
      <Filter>Headerdateien</Filter>
    </ClInclude>
    <ClInclude Include="dep\cereal\version.hpp">
      <Filter>Headerdateien</Filter>
    </ClInclude>
    <ClInclude Include="src\cereal\archives\adapters.hpp">
      <Filter>Headerdateien</Filter>
    </ClInclude>
    <ClInclude Include="src\cereal\archives\binary.hpp">
      <Filter>Headerdateien</Filter>
    </ClInclude>
    <ClInclude Include="src\cereal\archives\json.hpp">
      <Filter>Headerdateien</Filter>
    </ClInclude>
    <ClInclude Include="src\cereal\archives\portable_binary.hpp">
      <Filter>Headerdateien</Filter>
    </ClInclude>
    <ClInclude Include="src\cereal\archives\xml.hpp">
      <Filter>Headerdateien</Filter>
    </ClInclude>
    <ClInclude Include="src\cereal\details\helpers.hpp">
      <Filter>Headerdateien</Filter>
    </ClInclude>
    <ClInclude Include="src\cereal\details\polymorphic_impl.hpp">
      <Filter>Headerdateien</Filter>
    </ClInclude>
    <ClInclude Include="src\cereal\details\polymorphic_impl_fwd.hpp">
      <Filter>Headerdateien</Filter>
    </ClInclude>
    <ClInclude Include="src\cereal\details\static_object.hpp">
      <Filter>Headerdateien</Filter>
    </ClInclude>
    <ClInclude Include="src\cereal\details\traits.hpp">
      <Filter>Headerdateien</Filter>
    </ClInclude>
    <ClInclude Include="src\cereal\details\util.hpp">
      <Filter>Headerdateien</Filter>
    </ClInclude>
    <ClInclude Include="src\cereal\external\rapidjson\error\en.h">
      <Filter>Headerdateien</Filter>
    </ClInclude>
    <ClInclude Include="src\cereal\external\rapidjson\error\error.h">
      <Filter>Headerdateien</Filter>
    </ClInclude>
    <ClInclude Include="src\cereal\external\rapidjson\internal\biginteger.h">
      <Filter>Headerdateien</Filter>
    </ClInclude>
    <ClInclude Include="src\cereal\external\rapidjson\internal\diyfp.h">
      <Filter>Headerdateien</Filter>
    </ClInclude>
    <ClInclude Include="src\cereal\external\rapidjson\internal\dtoa.h">
      <Filter>Headerdateien</Filter>
    </ClInclude>
    <ClInclude Include="src\cereal\external\rapidjson\internal\ieee754.h">
      <Filter>Headerdateien</Filter>
    </ClInclude>
    <ClInclude Include="src\cereal\external\rapidjson\internal\itoa.h">
      <Filter>Headerdateien</Filter>
    </ClInclude>
    <ClInclude Include="src\cereal\external\rapidjson\internal\meta.h">
      <Filter>Headerdateien</Filter>
    </ClInclude>
    <ClInclude Include="src\cereal\external\rapidjson\internal\pow10.h">
      <Filter>Headerdateien</Filter>
    </ClInclude>
    <ClInclude Include="src\cereal\external\rapidjson\internal\regex.h">
      <Filter>Headerdateien</Filter>
    </ClInclude>
    <ClInclude Include="src\cereal\external\rapidjson\internal\stack.h">
      <Filter>Headerdateien</Filter>
    </ClInclude>
    <ClInclude Include="src\cereal\external\rapidjson\internal\strfunc.h">
      <Filter>Headerdateien</Filter>
    </ClInclude>
    <ClInclude Include="src\cereal\external\rapidjson\internal\strtod.h">
      <Filter>Headerdateien</Filter>
    </ClInclude>
    <ClInclude Include="src\cereal\external\rapidjson\internal\swap.h">
      <Filter>Headerdateien</Filter>
    </ClInclude>
    <ClInclude Include="src\cereal\external\rapidjson\msinttypes\inttypes.h">
      <Filter>Headerdateien</Filter>
    </ClInclude>
    <ClInclude Include="src\cereal\external\rapidjson\msinttypes\stdint.h">
      <Filter>Headerdateien</Filter>
    </ClInclude>
    <ClInclude Include="src\cereal\external\rapidjson\allocators.h">
      <Filter>Headerdateien</Filter>
    </ClInclude>
    <ClInclude Include="src\cereal\external\rapidjson\cursorstreamwrapper.h">
      <Filter>Headerdateien</Filter>
    </ClInclude>
    <ClInclude Include="src\cereal\external\rapidjson\document.h">
      <Filter>Headerdateien</Filter>
    </ClInclude>
    <ClInclude Include="src\cereal\external\rapidjson\encodedstream.h">
      <Filter>Headerdateien</Filter>
    </ClInclude>
    <ClInclude Include="src\cereal\external\rapidjson\encodings.h">
      <Filter>Headerdateien</Filter>
    </ClInclude>
    <ClInclude Include="src\cereal\external\rapidjson\filereadstream.h">
      <Filter>Headerdateien</Filter>
    </ClInclude>
    <ClInclude Include="src\cereal\external\rapidjson\filewritestream.h">
      <Filter>Headerdateien</Filter>
    </ClInclude>
    <ClInclude Include="src\cereal\external\rapidjson\fwd.h">
      <Filter>Headerdateien</Filter>
    </ClInclude>
    <ClInclude Include="src\cereal\external\rapidjson\istreamwrapper.h">
      <Filter>Headerdateien</Filter>
    </ClInclude>
    <ClInclude Include="src\cereal\external\rapidjson\memorybuffer.h">
      <Filter>Headerdateien</Filter>
    </ClInclude>
    <ClInclude Include="src\cereal\external\rapidjson\memorystream.h">
      <Filter>Headerdateien</Filter>
    </ClInclude>
    <ClInclude Include="src\cereal\external\rapidjson\ostreamwrapper.h">
      <Filter>Headerdateien</Filter>
    </ClInclude>
    <ClInclude Include="src\cereal\external\rapidjson\pointer.h">
      <Filter>Headerdateien</Filter>
    </ClInclude>
    <ClInclude Include="src\cereal\external\rapidjson\prettywriter.h">
      <Filter>Headerdateien</Filter>
    </ClInclude>
    <ClInclude Include="src\cereal\external\rapidjson\rapidjson.h">
      <Filter>Headerdateien</Filter>
    </ClInclude>
    <ClInclude Include="src\cereal\external\rapidjson\reader.h">
      <Filter>Headerdateien</Filter>
    </ClInclude>
    <ClInclude Include="src\cereal\external\rapidjson\schema.h">
      <Filter>Headerdateien</Filter>
    </ClInclude>
    <ClInclude Include="src\cereal\external\rapidjson\stream.h">
      <Filter>Headerdateien</Filter>
    </ClInclude>
    <ClInclude Include="src\cereal\external\rapidjson\stringbuffer.h">
      <Filter>Headerdateien</Filter>
    </ClInclude>
    <ClInclude Include="src\cereal\external\rapidjson\writer.h">
      <Filter>Headerdateien</Filter>
    </ClInclude>
    <ClInclude Include="src\cereal\external\rapidxml\rapidxml.hpp">
      <Filter>Headerdateien</Filter>
    </ClInclude>
    <ClInclude Include="src\cereal\external\rapidxml\rapidxml_iterators.hpp">
      <Filter>Headerdateien</Filter>
    </ClInclude>
    <ClInclude Include="src\cereal\external\rapidxml\rapidxml_print.hpp">
      <Filter>Headerdateien</Filter>
    </ClInclude>
    <ClInclude Include="src\cereal\external\rapidxml\rapidxml_utils.hpp">
      <Filter>Headerdateien</Filter>
    </ClInclude>
    <ClInclude Include="src\cereal\external\base64.hpp">
      <Filter>Headerdateien</Filter>
    </ClInclude>
    <ClInclude Include="src\cereal\types\concepts\pair_associative_container.hpp">
      <Filter>Headerdateien</Filter>
    </ClInclude>
    <ClInclude Include="src\cereal\types\array.hpp">
      <Filter>Headerdateien</Filter>
    </ClInclude>
    <ClInclude Include="src\cereal\types\atomic.hpp">
      <Filter>Headerdateien</Filter>
    </ClInclude>
    <ClInclude Include="src\cereal\types\base_class.hpp">
      <Filter>Headerdateien</Filter>
    </ClInclude>
    <ClInclude Include="src\cereal\types\bitset.hpp">
      <Filter>Headerdateien</Filter>
    </ClInclude>
    <ClInclude Include="src\cereal\types\boost_variant.hpp">
      <Filter>Headerdateien</Filter>
    </ClInclude>
    <ClInclude Include="src\cereal\types\chrono.hpp">
      <Filter>Headerdateien</Filter>
    </ClInclude>
    <ClInclude Include="src\cereal\types\common.hpp">
      <Filter>Headerdateien</Filter>
    </ClInclude>
    <ClInclude Include="src\cereal\types\complex.hpp">
      <Filter>Headerdateien</Filter>
    </ClInclude>
    <ClInclude Include="src\cereal\types\deque.hpp">
      <Filter>Headerdateien</Filter>
    </ClInclude>
    <ClInclude Include="src\cereal\types\forward_list.hpp">
      <Filter>Headerdateien</Filter>
    </ClInclude>
    <ClInclude Include="src\cereal\types\functional.hpp">
      <Filter>Headerdateien</Filter>
    </ClInclude>
    <ClInclude Include="src\cereal\types\list.hpp">
      <Filter>Headerdateien</Filter>
    </ClInclude>
    <ClInclude Include="src\cereal\types\map.hpp">
      <Filter>Headerdateien</Filter>
    </ClInclude>
    <ClInclude Include="src\cereal\types\memory.hpp">
      <Filter>Headerdateien</Filter>
    </ClInclude>
    <ClInclude Include="src\cereal\types\optional.hpp">
      <Filter>Headerdateien</Filter>
    </ClInclude>
    <ClInclude Include="src\cereal\types\polymorphic.hpp">
      <Filter>Headerdateien</Filter>
    </ClInclude>
    <ClInclude Include="src\cereal\types\queue.hpp">
      <Filter>Headerdateien</Filter>
    </ClInclude>
    <ClInclude Include="src\cereal\types\set.hpp">
      <Filter>Headerdateien</Filter>
    </ClInclude>
    <ClInclude Include="src\cereal\types\stack.hpp">
      <Filter>Headerdateien</Filter>
    </ClInclude>
    <ClInclude Include="src\cereal\types\string.hpp">
      <Filter>Headerdateien</Filter>
    </ClInclude>
    <ClInclude Include="src\cereal\types\tuple.hpp">
      <Filter>Headerdateien</Filter>
    </ClInclude>
    <ClInclude Include="src\cereal\types\unordered_map.hpp">
      <Filter>Headerdateien</Filter>
    </ClInclude>
    <ClInclude Include="src\cereal\types\unordered_set.hpp">
      <Filter>Headerdateien</Filter>
    </ClInclude>
    <ClInclude Include="src\cereal\types\utility.hpp">
      <Filter>Headerdateien</Filter>
    </ClInclude>
    <ClInclude Include="src\cereal\types\valarray.hpp">
      <Filter>Headerdateien</Filter>
    </ClInclude>
    <ClInclude Include="src\cereal\types\variant.hpp">
      <Filter>Headerdateien</Filter>
    </ClInclude>
    <ClInclude Include="src\cereal\types\vector.hpp">
      <Filter>Headerdateien</Filter>
    </ClInclude>
    <ClInclude Include="src\cereal\access.hpp">
      <Filter>Headerdateien</Filter>
    </ClInclude>
    <ClInclude Include="src\cereal\cereal.hpp">
      <Filter>Headerdateien</Filter>
    </ClInclude>
    <ClInclude Include="src\cereal\macros.hpp">
      <Filter>Headerdateien</Filter>
    </ClInclude>
    <ClInclude Include="src\cereal\specialize.hpp">
      <Filter>Headerdateien</Filter>
    </ClInclude>
    <ClInclude Include="src\cereal\version.hpp">
      <Filter>Headerdateien</Filter>
    </ClInclude>
  </ItemGroup>
  <ItemGroup>
    <ClCompile Include="src\Window\IWindow.cpp">
      <Filter>Quelldateien</Filter>
    </ClCompile>
  </ItemGroup>
  <ItemGroup>
    <None Include="dep\cereal\external\rapidxml\manual.html" />
    <None Include="src\cereal\external\rapidxml\manual.html" />
  </ItemGroup>
</Project>